<Solution>
  <Folder Name="/InitialDevelopment/">
    <Project Path="../paskalON.Common/paskalON.Domains/paskalON.Domains.csproj" />
    <Project Path="../paskalON.Common/paskalON.Maths/paskalON.Maths.csproj" />
    <Project Path="../paskalON.Common/paskalON.PhysicalUnits/paskalON.PhysicalUnits.csproj" />
    <Project Path="../paskalON.Common/paskalON.Telemetry/paskalON.Telemetry.csproj" />
  </Folder>
  <Folder Name="/Solution Items/">
    <File Path="README.md" />
  </Folder>
  <Folder Name="/Tests/">
    <Project Path="paskalON.ConstraintEngine.Domain.Configs.UnitTest/paskalON.ConstraintEngine.Domain.Configs.UnitTest.csproj" Id="13eac196-d85e-4382-829f-f9317e36bbd6" />
    <Project Path="paskalON.ConstraintEngine.Domain.UnitTest/paskalON.ConstraintEngine.Domain.UnitTest.csproj" Id="28a73e5b-4c18-4d20-bb93-c9d97493df67" />
    <Project Path="paskalON.PowerControls.Domain.Configs.UnitTest/paskalON.PowerControls.Domain.Configs.UnitTest.csproj" Id="5f9725f3-028d-4350-8422-28c0de3eabeb" />
    <Project Path="paskalON.PowerControls.Domain.UnitTest/paskalON.PowerControls.Domain.UnitTest.csproj" Id="cf59208a-6da9-4a79-9871-b0fce912fff3" />
  </Folder>
  <Project Path="paskalON.ConstraintEngine.Domain.Configs/paskalON.ConstraintEngine.Domain.Configs.csproj" Id="ae28f480-f435-4a13-ba91-5422ba83880b" />
  <Project Path="paskalON.ConstraintEngine.Domain/paskalON.ConstraintEngine.Domain.csproj" Id="3fff01ab-e7f9-49cf-9ba6-db0841784cdd" />
  <Project Path="paskalON.PowerControls.Domain.Configs/paskalON.PowerControls.Domain.Configs.csproj" />
  <Project Path="paskalON.PowerControls.Domain/paskalON.PowerControls.Domain.csproj" />
</Solution>
