<Solution>
  <Folder Name="/InitialDevelopment/">
    <Project Path="../paskalON.Common/paskalON.Maths/paskalON.Maths.csproj" />
    <Project Path="../paskalON.Common/paskalON.PhysicalUnits/paskalON.PhysicalUnits.csproj" />
    <Project Path="../paskalON.Communication/paskalON.Protocols.C37118/paskalON.Protocols.C37118.csproj" />
    <Project Path="../paskalON.Communication/paskalON.Protocols.Modbus/paskalON.Protocols.Modbus.csproj" />
    <Project Path="../paskalON.DeviceService/paskalON.Devices.Client/paskalON.Devices.Client.csproj" />
    <Project Path="../paskalON.DeviceService/paskalON.Devices.Dto/paskalON.Devices.Dto.csproj" />
  </Folder>
  <Project Path="docker-compose.dcproj">
    <Build />
  </Project>
  <Project Path="paskalON.DeviceSimulator.Service/paskalON.DeviceSimulator.Service.csproj" />
</Solution>
