<Solution>
  <Folder Name="/InitialDevelopment/">
    <Project Path="../paskalON.Common/paskalON.Dataface/paskalON.Dataface.csproj" />
    <Project Path="../paskalON.Common/paskalON.Domains/paskalON.Domains.csproj" />
    <Project Path="../paskalON.Common/paskalON.Maths/paskalON.Maths.csproj" />
    <Project Path="../paskalON.Common/paskalON.Messaging/paskalON.Messaging.csproj" />
    <Project Path="../paskalON.Common/paskalON.PhysicalUnits/paskalON.PhysicalUnits.csproj" />
    <Project Path="../paskalON.Common/paskalON.Telemetry/paskalON.Telemetry.csproj" />
    <Project Path="../paskalON.Communication/paskalON.Protocols.C37118/paskalON.Protocols.C37118.csproj" />
    <Project Path="../paskalON.Communication/paskalON.Protocols.Modbus/paskalON.Protocols.Modbus.csproj" />
  </Folder>
  <Folder Name="/Solution Items/">
    <File Path="README.md" />
  </Folder>
  <Folder Name="/Tests/">
    <Project Path="paskalON.Devices.Application.UnitTest/paskalON.Devices.Application.UnitTest.csproj" Id="01464faf-7804-4938-96cc-fa26e5a37527" />
    <Project Path="paskalON.Devices.Client.UnitTest/paskalON.Devices.Client.UnitTest.csproj" Id="cc779dc8-000f-4f93-a6e1-4ac8d778a187" />
    <Project Path="paskalON.Devices.Domain.UnitTest/paskalON.Devices.Domain.UnitTest.csproj" Id="4b64dece-60a2-4aa6-b2de-135df171b224" />
    <Project Path="paskalON.Devices.Equipments.IntegrationTest/paskalON.Devices.Equipments.IntegrationTest.csproj" Id="4a9ee023-195d-484d-8e5a-a19c68e3a24d" />
    <Project Path="paskalON.Devices.Equipments.UnitTest/paskalON.Devices.Equipments.UnitTest.csproj" Id="99312c0b-f835-4f35-856c-ef2189fce640" />
    <Project Path="paskalON.Devices.Infrastructure.IntegrationTest/paskalON.Devices.Infrastructure.IntegrationTest.csproj" Id="45f71292-154f-4fe7-b9f2-ba3d62122885" />
    <Project Path="paskalON.Devices.Service.UnitTest/paskalON.Devices.Service.UnitTest.csproj" />
  </Folder>
  <Project Path="../paskalON.Devices.Service.Dto/paskalON.Devices.Service.Dto.csproj" Id="1a1da737-55fc-40ec-8ed3-276e28debd3f" />
  <Project Path="docker-compose.dcproj">
    <Build />
  </Project>
  <Project Path="paskalON.Devices.Application/paskalON.Devices.Application.csproj" Id="b806115c-a851-4512-806c-dbe32233a183" />
  <Project Path="paskalON.Devices.Client/paskalON.Devices.Client.csproj" Id="1aad8a90-398d-4a3b-87b4-fd6918331ffd" />
  <Project Path="paskalON.Devices.Domain.Configs/paskalON.Devices.Domain.Configs.csproj" Id="fa739d75-521d-4cc3-9317-e6c2d1b0beef" />
  <Project Path="paskalON.Devices.Domain/paskalON.Devices.Domain.csproj" Id="e663604a-5c11-46df-9394-4f9d9a37fe72" />
  <Project Path="paskalON.Devices.Dto/paskalON.Devices.Dto.csproj" Id="36045774-867d-4c52-acb0-148b1836a479" />
  <Project Path="paskalON.Devices.Equipments/paskalON.Devices.Equipments.csproj" Id="fcb5c4d3-6569-4671-854a-5689233cf817" />
  <Project Path="paskalON.Devices.Infrastructure/paskalON.Devices.Infrastructure.csproj" Id="e766ab35-a4e2-42c6-b3fe-f3b99856c08e" />
  <Project Path="paskalON.Devices.Service/paskalON.Devices.Service.csproj" Id="d9f56192-e9f4-4fa1-84f9-9195a95bc95d" />
</Solution>
