<Solution>
  <Folder Name="/Solution Items/">
    <File Path="README.md" />
  </Folder>
  <Folder Name="/Tests/">
    <Project Path="paskalON.Dataface.UnitTest/paskalON.Dataface.UnitTest.csproj" Id="6157fc6e-c19d-47ba-9ab5-83d4ebcd637e" />
    <Project Path="paskalON.Maths.IntegrationTest/paskalON.Maths.IntegrationTest.csproj" />
    <Project Path="paskalON.Maths.UnitTest/paskalON.Maths.UnitTest.csproj" />
    <Project Path="paskalON.PhysicalUnits.UnitTest/paskalON.PhysicalUnits.UnitTest.csproj" />
    <Project Path="paskalON.Telemetry.UnitTest/paskalON.Telemetry.UnitTest.csproj" Id="fe1e2884-901e-4517-a527-3feed5d0486d" />
  </Folder>
  <Project Path="paskalON.Dataface/paskalON.Dataface.csproj" Id="0d59507d-03de-441a-af88-59f15348c1d9" />
  <Project Path="paskalON.Domains/paskalON.Domains.csproj" />
  <Project Path="paskalON.Maths/paskalON.Maths.csproj" />
  <Project Path="paskalON.Messaging/paskalON.Messaging.csproj" Id="c6b709bd-8864-48d0-b743-11676a1cc11a" />
  <Project Path="paskalON.PhysicalUnits/paskalON.PhysicalUnits.csproj" />
  <Project Path="paskalON.Telemetry/paskalON.Telemetry.csproj" Id="46badc79-aadc-414b-9873-d87fce433406" />
</Solution>
