<Solution>
  <Project Path="paskalON.Communication.Protocols.C37118/paskalON.Communication.Protocols.C37118.csproj" Id="50cdee9f-950e-4ee0-b77e-c3377e0559b6" />
  <Project Path="paskalON.Communication.Protocols.Modbus/paskalON.Communication.Protocols.Modbus.csproj" Id="b04ba792-66cd-4302-9315-4169bfc08559" />
</Solution>
